
Microsoft Visual Studio Solution File, Format Version 12.00
# Visual Studio Version 17
VisualStudioVersion = 17.11.35431.28
MinimumVisualStudioVersion = 10.0.40219.1
Project("{9A19103F-16F7-4668-BE54-9A1E7A4F7556}") = "TaskMaster API", "MyFirstApp1\TaskMaster API.csproj", "{1DCB36B9-E180-441F-93FF-664E478762A8}"
EndProject
Global
	GlobalSection(SolutionConfigurationPlatforms) = preSolution
		Debug|Any CPU = Debug|Any CPU
		Release|Any CPU = Release|Any CPU
	EndGlobalSection
	GlobalSection(ProjectConfigurationPlatforms) = postSolution
		{1DCB36B9-E180-441F-93FF-664E478762A8}.Debug|Any CPU.ActiveCfg = Debug|Any CPU
		{1DCB36B9-E180-441F-93FF-664E478762A8}.Debug|Any CPU.Build.0 = Debug|Any CPU
		{1DCB36B9-E180-441F-93FF-664E478762A8}.Release|Any CPU.ActiveCfg = Release|Any CPU
		{1DCB36B9-E180-441F-93FF-664E478762A8}.Release|Any CPU.Build.0 = Release|Any CPU
	EndGlobalSection
	GlobalSection(SolutionProperties) = preSolution
		HideSolutionNode = FALSE
	EndGlobalSection
	GlobalSection(ExtensibilityGlobals) = postSolution
		SolutionGuid = {7E0A22DD-122B-4535-84EA-217D61BB5D70}
	EndGlobalSection
EndGlobal
